
Microsoft Visual Studio Solution File, Format Version 12.00
# Visual Studio Version 17
VisualStudioVersion = 17.14.36301.6
MinimumVisualStudioVersion = 10.0.40219.1
Project("{FAE04EC0-301F-11D3-BF4B-00C04F79EFBC}") = "ChatApp.API", "src\ChatApp.API\ChatApp.API.csproj", "{0485761A-0C7D-4127-A3A8-BABEE4B806B4}"
EndProject
Project("{FAE04EC0-301F-11D3-BF4B-00C04F79EFBC}") = "ChatApp.Application", "src\ChatApp.Application\ChatApp.Application.csproj", "{68382EDC-53BC-4C31-BDC8-652A0E564E7B}"
EndProject
Project("{FAE04EC0-301F-11D3-BF4B-00C04F79EFBC}") = "ChatApp.Infrastructure", "src\ChatApp.Infrastructure\ChatApp.Infrastructure.csproj", "{692C7015-2ED0-49F9-8480-DB05CCF669E4}"
EndProject
Project("{FAE04EC0-301F-11D3-BF4B-00C04F79EFBC}") = "ChatApp.Domain", "src\ChatApp.Domain\ChatApp.Domain.csproj", "{9BC63610-6CD1-4EE3-ADB6-60F38CA594A2}"
EndProject
Global
	GlobalSection(SolutionConfigurationPlatforms) = preSolution
		Debug|Any CPU = Debug|Any CPU
		Release|Any CPU = Release|Any CPU
	EndGlobalSection
	GlobalSection(ProjectConfigurationPlatforms) = postSolution
		{0485761A-0C7D-4127-A3A8-BABEE4B806B4}.Debug|Any CPU.ActiveCfg = Debug|Any CPU
		{0485761A-0C7D-4127-A3A8-BABEE4B806B4}.Debug|Any CPU.Build.0 = Debug|Any CPU
		{0485761A-0C7D-4127-A3A8-BABEE4B806B4}.Release|Any CPU.ActiveCfg = Release|Any CPU
		{0485761A-0C7D-4127-A3A8-BABEE4B806B4}.Release|Any CPU.Build.0 = Release|Any CPU
		{68382EDC-53BC-4C31-BDC8-652A0E564E7B}.Debug|Any CPU.ActiveCfg = Debug|Any CPU
		{68382EDC-53BC-4C31-BDC8-652A0E564E7B}.Debug|Any CPU.Build.0 = Debug|Any CPU
		{68382EDC-53BC-4C31-BDC8-652A0E564E7B}.Release|Any CPU.ActiveCfg = Release|Any CPU
		{68382EDC-53BC-4C31-BDC8-652A0E564E7B}.Release|Any CPU.Build.0 = Release|Any CPU
		{692C7015-2ED0-49F9-8480-DB05CCF669E4}.Debug|Any CPU.ActiveCfg = Debug|Any CPU
		{692C7015-2ED0-49F9-8480-DB05CCF669E4}.Debug|Any CPU.Build.0 = Debug|Any CPU
		{692C7015-2ED0-49F9-8480-DB05CCF669E4}.Release|Any CPU.ActiveCfg = Release|Any CPU
		{692C7015-2ED0-49F9-8480-DB05CCF669E4}.Release|Any CPU.Build.0 = Release|Any CPU
		{9BC63610-6CD1-4EE3-ADB6-60F38CA594A2}.Debug|Any CPU.ActiveCfg = Debug|Any CPU
		{9BC63610-6CD1-4EE3-ADB6-60F38CA594A2}.Debug|Any CPU.Build.0 = Debug|Any CPU
		{9BC63610-6CD1-4EE3-ADB6-60F38CA594A2}.Release|Any CPU.ActiveCfg = Release|Any CPU
		{9BC63610-6CD1-4EE3-ADB6-60F38CA594A2}.Release|Any CPU.Build.0 = Release|Any CPU
	EndGlobalSection
	GlobalSection(SolutionProperties) = preSolution
		HideSolutionNode = FALSE
	EndGlobalSection
	GlobalSection(ExtensibilityGlobals) = postSolution
		SolutionGuid = {A2B1FD96-DA29-4FEE-86DA-9253EE34F5DC}
	EndGlobalSection
EndGlobal
